
Microsoft Visual Studio Solution File, Format Version 12.00
# Visual Studio Version 17
VisualStudioVersion = 17.5.002.0
MinimumVisualStudioVersion = 10.0.40219.1
Project("{9A19103F-16F7-4668-BE54-9A1E7A4F7556}") = "SafeCancellationImplementing", "SafeCancellationImplementing.csproj", "{86A0009D-FE55-4046-A750-A128AE42AF39}"
EndProject
Global
	GlobalSection(SolutionConfigurationPlatforms) = preSolution
		Debug|Any CPU = Debug|Any CPU
		Release|Any CPU = Release|Any CPU
	EndGlobalSection
	GlobalSection(ProjectConfigurationPlatforms) = postSolution
		{86A0009D-FE55-4046-A750-A128AE42AF39}.Debug|Any CPU.ActiveCfg = Debug|Any CPU
		{86A0009D-FE55-4046-A750-A128AE42AF39}.Debug|Any CPU.Build.0 = Debug|Any CPU
		{86A0009D-FE55-4046-A750-A128AE42AF39}.Release|Any CPU.ActiveCfg = Release|Any CPU
		{86A0009D-FE55-4046-A750-A128AE42AF39}.Release|Any CPU.Build.0 = Release|Any CPU
	EndGlobalSection
	GlobalSection(SolutionProperties) = preSolution
		HideSolutionNode = FALSE
	EndGlobalSection
	GlobalSection(ExtensibilityGlobals) = postSolution
		SolutionGuid = {B9A45AA0-40A1-4EB4-BEC6-7149D16523EC}
	EndGlobalSection
EndGlobal
