
Microsoft Visual Studio Solution File, Format Version 12.00
# Visual Studio Version 17
VisualStudioVersion = 17.5.002.0
MinimumVisualStudioVersion = 10.0.40219.1
Project("{9A19103F-16F7-4668-BE54-9A1E7A4F7556}") = "NewThreadWithSameStaticField", "NewThreadWithSameStaticField.csproj", "{6C4A3ACF-656B-4A0D-A910-D0CB7D50562B}"
EndProject
Global
	GlobalSection(SolutionConfigurationPlatforms) = preSolution
		Debug|Any CPU = Debug|Any CPU
		Release|Any CPU = Release|Any CPU
	EndGlobalSection
	GlobalSection(ProjectConfigurationPlatforms) = postSolution
		{6C4A3ACF-656B-4A0D-A910-D0CB7D50562B}.Debug|Any CPU.ActiveCfg = Debug|Any CPU
		{6C4A3ACF-656B-4A0D-A910-D0CB7D50562B}.Debug|Any CPU.Build.0 = Debug|Any CPU
		{6C4A3ACF-656B-4A0D-A910-D0CB7D50562B}.Release|Any CPU.ActiveCfg = Release|Any CPU
		{6C4A3ACF-656B-4A0D-A910-D0CB7D50562B}.Release|Any CPU.Build.0 = Release|Any CPU
	EndGlobalSection
	GlobalSection(SolutionProperties) = preSolution
		HideSolutionNode = FALSE
	EndGlobalSection
	GlobalSection(ExtensibilityGlobals) = postSolution
		SolutionGuid = {4A620223-0280-4883-93E8-51E30E843BC3}
	EndGlobalSection
EndGlobal
