
Microsoft Visual Studio Solution File, Format Version 12.00
# Visual Studio Version 16
VisualStudioVersion = 16.0.29306.81
MinimumVisualStudioVersion = 10.0.40219.1
Project("{FAE04EC0-301F-11D3-BF4B-00C04F79EFBC}") = "BethanysPieShop", "BethanysPieShop\BethanysPieShop.csproj", "{1A12D0F9-2FE8-4062-85AA-83F7380E92AE}"
EndProject
Global
	GlobalSection(SolutionConfigurationPlatforms) = preSolution
		Debug|Any CPU = Debug|Any CPU
		Release|Any CPU = Release|Any CPU
	EndGlobalSection
	GlobalSection(ProjectConfigurationPlatforms) = postSolution
		{1A12D0F9-2FE8-4062-85AA-83F7380E92AE}.Debug|Any CPU.ActiveCfg = Debug|Any CPU
		{1A12D0F9-2FE8-4062-85AA-83F7380E92AE}.Debug|Any CPU.Build.0 = Debug|Any CPU
		{1A12D0F9-2FE8-4062-85AA-83F7380E92AE}.Release|Any CPU.ActiveCfg = Release|Any CPU
		{1A12D0F9-2FE8-4062-85AA-83F7380E92AE}.Release|Any CPU.Build.0 = Release|Any CPU
	EndGlobalSection
	GlobalSection(SolutionProperties) = preSolution
		HideSolutionNode = FALSE
	EndGlobalSection
	GlobalSection(ExtensibilityGlobals) = postSolution
		SolutionGuid = {A4C218E1-2895-4D28-8B93-9F60509F7967}
	EndGlobalSection
EndGlobal
