
Microsoft Visual Studio Solution File, Format Version 12.00
Project("{FAE04EC0-301F-11D3-BF4B-00C04F79EFBC}") = "SimpleContactForm", "SimpleContactForm\SimpleContactForm.csproj", "{557F435A-9B4A-4324-868A-ED28C9C4E439}"
EndProject
Global
	GlobalSection(SolutionConfigurationPlatforms) = preSolution
		Debug|Any CPU = Debug|Any CPU
		Release|Any CPU = Release|Any CPU
	EndGlobalSection
	GlobalSection(ProjectConfigurationPlatforms) = postSolution
		{557F435A-9B4A-4324-868A-ED28C9C4E439}.Debug|Any CPU.ActiveCfg = Debug|Any CPU
		{557F435A-9B4A-4324-868A-ED28C9C4E439}.Debug|Any CPU.Build.0 = Debug|Any CPU
		{557F435A-9B4A-4324-868A-ED28C9C4E439}.Release|Any CPU.ActiveCfg = Release|Any CPU
		{557F435A-9B4A-4324-868A-ED28C9C4E439}.Release|Any CPU.Build.0 = Release|Any CPU
	EndGlobalSection
EndGlobal
