
Microsoft Visual Studio Solution File, Format Version 12.00
# Visual Studio Version 17
VisualStudioVersion = 17.5.002.0
MinimumVisualStudioVersion = 10.0.40219.1
Project("{9A19103F-16F7-4668-BE54-9A1E7A4F7556}") = "BackgroundThread", "BackgroundThread.csproj", "{7267689E-5739-4689-B6ED-1C8251BCAA54}"
EndProject
Global
	GlobalSection(SolutionConfigurationPlatforms) = preSolution
		Debug|Any CPU = Debug|Any CPU
		Release|Any CPU = Release|Any CPU
	EndGlobalSection
	GlobalSection(ProjectConfigurationPlatforms) = postSolution
		{7267689E-5739-4689-B6ED-1C8251BCAA54}.Debug|Any CPU.ActiveCfg = Debug|Any CPU
		{7267689E-5739-4689-B6ED-1C8251BCAA54}.Debug|Any CPU.Build.0 = Debug|Any CPU
		{7267689E-5739-4689-B6ED-1C8251BCAA54}.Release|Any CPU.ActiveCfg = Release|Any CPU
		{7267689E-5739-4689-B6ED-1C8251BCAA54}.Release|Any CPU.Build.0 = Release|Any CPU
	EndGlobalSection
	GlobalSection(SolutionProperties) = preSolution
		HideSolutionNode = FALSE
	EndGlobalSection
	GlobalSection(ExtensibilityGlobals) = postSolution
		SolutionGuid = {B48595E0-B19B-4E92-A8F7-537AD91D35DD}
	EndGlobalSection
EndGlobal
