
Microsoft Visual Studio Solution File, Format Version 12.00
Project("{FAE04EC0-301F-11D3-BF4B-00C04F79EFBC}") = "Gcd", "Gcd\Gcd.csproj", "{2EE0DF0C-383C-4532-B755-CCAD5A9A10EA}"
EndProject
Project("{FAE04EC0-301F-11D3-BF4B-00C04F79EFBC}") = "Gcd.Test", "Gcd.Test\Gcd.Test.csproj", "{78351B3C-CB3C-491A-A9B3-87FFAE3FF213}"
EndProject
Global
	GlobalSection(SolutionConfigurationPlatforms) = preSolution
		Debug|Any CPU = Debug|Any CPU
		Release|Any CPU = Release|Any CPU
	EndGlobalSection
	GlobalSection(ProjectConfigurationPlatforms) = postSolution
		{2EE0DF0C-383C-4532-B755-CCAD5A9A10EA}.Debug|Any CPU.ActiveCfg = Debug|Any CPU
		{2EE0DF0C-383C-4532-B755-CCAD5A9A10EA}.Debug|Any CPU.Build.0 = Debug|Any CPU
		{2EE0DF0C-383C-4532-B755-CCAD5A9A10EA}.Release|Any CPU.ActiveCfg = Release|Any CPU
		{2EE0DF0C-383C-4532-B755-CCAD5A9A10EA}.Release|Any CPU.Build.0 = Release|Any CPU
		{78351B3C-CB3C-491A-A9B3-87FFAE3FF213}.Debug|Any CPU.ActiveCfg = Debug|Any CPU
		{78351B3C-CB3C-491A-A9B3-87FFAE3FF213}.Debug|Any CPU.Build.0 = Debug|Any CPU
		{78351B3C-CB3C-491A-A9B3-87FFAE3FF213}.Release|Any CPU.ActiveCfg = Release|Any CPU
		{78351B3C-CB3C-491A-A9B3-87FFAE3FF213}.Release|Any CPU.Build.0 = Release|Any CPU
	EndGlobalSection
EndGlobal
