
Microsoft Visual Studio Solution File, Format Version 12.00
# Visual Studio 15
VisualStudioVersion = 15.0.28307.489
MinimumVisualStudioVersion = 10.0.40219.1
Project("{9A19103F-16F7-4668-BE54-9A1E7A4F7556}") = "OdeToFood", "OdeToFood\OdeToFood.csproj", "{768FD507-2698-4EA1-865F-071E28171101}"
EndProject
Project("{FAE04EC0-301F-11D3-BF4B-00C04F79EFBC}") = "OdeToFood.Core", "OdeToFood.Core\OdeToFood.Core.csproj", "{7205BE09-60E4-43CB-8EAD-7A789E88ECEC}"
EndProject
Project("{FAE04EC0-301F-11D3-BF4B-00C04F79EFBC}") = "OdeToFood.Data", "OdeToFood.Data\OdeToFood.Data.csproj", "{0D08DC53-5529-499E-B2A8-195D492CB798}"
EndProject
Global
	GlobalSection(SolutionConfigurationPlatforms) = preSolution
		Debug|Any CPU = Debug|Any CPU
		Release|Any CPU = Release|Any CPU
	EndGlobalSection
	GlobalSection(ProjectConfigurationPlatforms) = postSolution
		{768FD507-2698-4EA1-865F-071E28171101}.Debug|Any CPU.ActiveCfg = Debug|Any CPU
		{768FD507-2698-4EA1-865F-071E28171101}.Debug|Any CPU.Build.0 = Debug|Any CPU
		{768FD507-2698-4EA1-865F-071E28171101}.Release|Any CPU.ActiveCfg = Release|Any CPU
		{768FD507-2698-4EA1-865F-071E28171101}.Release|Any CPU.Build.0 = Release|Any CPU
		{7205BE09-60E4-43CB-8EAD-7A789E88ECEC}.Debug|Any CPU.ActiveCfg = Debug|Any CPU
		{7205BE09-60E4-43CB-8EAD-7A789E88ECEC}.Debug|Any CPU.Build.0 = Debug|Any CPU
		{7205BE09-60E4-43CB-8EAD-7A789E88ECEC}.Release|Any CPU.ActiveCfg = Release|Any CPU
		{7205BE09-60E4-43CB-8EAD-7A789E88ECEC}.Release|Any CPU.Build.0 = Release|Any CPU
		{0D08DC53-5529-499E-B2A8-195D492CB798}.Debug|Any CPU.ActiveCfg = Debug|Any CPU
		{0D08DC53-5529-499E-B2A8-195D492CB798}.Debug|Any CPU.Build.0 = Debug|Any CPU
		{0D08DC53-5529-499E-B2A8-195D492CB798}.Release|Any CPU.ActiveCfg = Release|Any CPU
		{0D08DC53-5529-499E-B2A8-195D492CB798}.Release|Any CPU.Build.0 = Release|Any CPU
	EndGlobalSection
	GlobalSection(SolutionProperties) = preSolution
		HideSolutionNode = FALSE
	EndGlobalSection
	GlobalSection(ExtensibilityGlobals) = postSolution
		SolutionGuid = {6F9823AC-550E-484B-85E0-5DD1291CBDCF}
	EndGlobalSection
EndGlobal
