
Microsoft Visual Studio Solution File, Format Version 12.00
# Visual Studio Version 16
VisualStudioVersion = 16.0.29102.190
MinimumVisualStudioVersion = 10.0.40219.1
Project("{9A19103F-16F7-4668-BE54-9A1E7A4F7556}") = "OdeToFood", "OdeToFood\OdeToFood.csproj", "{FEB3CB78-F614-440B-B2BB-7446403503A5}"
EndProject
Project("{9A19103F-16F7-4668-BE54-9A1E7A4F7556}") = "OdeToFood.Core", "OdeToFood.Core\OdeToFood.Core.csproj", "{B54CCC0A-0C1D-4675-97CC-35419D07A5D8}"
EndProject
Project("{9A19103F-16F7-4668-BE54-9A1E7A4F7556}") = "OdeToFood.Data", "OdeToFood.Data\OdeToFood.Data.csproj", "{97AC8029-A495-4E14-B315-A0A7B5C51DB3}"
EndProject
Global
	GlobalSection(SolutionConfigurationPlatforms) = preSolution
		Debug|Any CPU = Debug|Any CPU
		Release|Any CPU = Release|Any CPU
	EndGlobalSection
	GlobalSection(ProjectConfigurationPlatforms) = postSolution
		{FEB3CB78-F614-440B-B2BB-7446403503A5}.Debug|Any CPU.ActiveCfg = Debug|Any CPU
		{FEB3CB78-F614-440B-B2BB-7446403503A5}.Debug|Any CPU.Build.0 = Debug|Any CPU
		{FEB3CB78-F614-440B-B2BB-7446403503A5}.Release|Any CPU.ActiveCfg = Release|Any CPU
		{FEB3CB78-F614-440B-B2BB-7446403503A5}.Release|Any CPU.Build.0 = Release|Any CPU
		{B54CCC0A-0C1D-4675-97CC-35419D07A5D8}.Debug|Any CPU.ActiveCfg = Debug|Any CPU
		{B54CCC0A-0C1D-4675-97CC-35419D07A5D8}.Debug|Any CPU.Build.0 = Debug|Any CPU
		{B54CCC0A-0C1D-4675-97CC-35419D07A5D8}.Release|Any CPU.ActiveCfg = Release|Any CPU
		{B54CCC0A-0C1D-4675-97CC-35419D07A5D8}.Release|Any CPU.Build.0 = Release|Any CPU
		{97AC8029-A495-4E14-B315-A0A7B5C51DB3}.Debug|Any CPU.ActiveCfg = Debug|Any CPU
		{97AC8029-A495-4E14-B315-A0A7B5C51DB3}.Debug|Any CPU.Build.0 = Debug|Any CPU
		{97AC8029-A495-4E14-B315-A0A7B5C51DB3}.Release|Any CPU.ActiveCfg = Release|Any CPU
		{97AC8029-A495-4E14-B315-A0A7B5C51DB3}.Release|Any CPU.Build.0 = Release|Any CPU
	EndGlobalSection
	GlobalSection(SolutionProperties) = preSolution
		HideSolutionNode = FALSE
	EndGlobalSection
	GlobalSection(ExtensibilityGlobals) = postSolution
		SolutionGuid = {934B704C-4170-4CA7-A56A-F713B48AAFA1}
	EndGlobalSection
EndGlobal
