
Microsoft Visual Studio Solution File, Format Version 12.00
# Visual Studio Version 17
VisualStudioVersion = 17.3.32825.248
MinimumVisualStudioVersion = 10.0.40219.1
Project("{2150E333-8FDC-42A3-9474-1A3956D46DE8}") = "Src", "Src", "{4B785E7E-2F35-4198-BD73-D2B861E5518A}"
EndProject
Project("{2150E333-8FDC-42A3-9474-1A3956D46DE8}") = "5 Infrastructure", "5 Infrastructure", "{1EC1EEFF-3888-4125-9229-623C564F3E7E}"
EndProject
Project("{2150E333-8FDC-42A3-9474-1A3956D46DE8}") = "Presentation", "Presentation", "{833DEA57-A970-418C-831C-2355B8294766}"
EndProject
Project("{2150E333-8FDC-42A3-9474-1A3956D46DE8}") = "Tests", "Tests", "{9FEDAEFB-297C-4201-8FAA-F502F94CAFED}"
EndProject
Project("{9A19103F-16F7-4668-BE54-9A1E7A4F7556}") = "Common", "Src\Common\Common.csproj", "{3C7E8164-A2CE-471A-9C15-E1A74E4BE9D9}"
EndProject
Project("{9A19103F-16F7-4668-BE54-9A1E7A4F7556}") = "Domain", "Src\Domain\Domain.csproj", "{0A18018C-95CA-43CB-BFBF-5DB086E93009}"
EndProject
Project("{9A19103F-16F7-4668-BE54-9A1E7A4F7556}") = "Application", "Src\Application\Application.csproj", "{5FB1A4D7-D13E-47C3-9152-3890B8CA9C37}"
EndProject
Project("{9A19103F-16F7-4668-BE54-9A1E7A4F7556}") = "Infrastructure", "Src\Infrastructure\Infrastructure.csproj", "{1C11E54E-54DB-47A2-9D10-03AFDA347F22}"
EndProject
Project("{9A19103F-16F7-4668-BE54-9A1E7A4F7556}") = "Persistence", "Src\Persistence\Persistence.csproj", "{34BB0A51-74B9-46B6-BEAA-94A914F552EE}"
EndProject
Project("{9A19103F-16F7-4668-BE54-9A1E7A4F7556}") = "WebUI", "Src\WebUI\WebUI.csproj", "{B3A105C1-F3E0-4290-A330-D0D3F29D2B26}"
EndProject
Project("{9A19103F-16F7-4668-BE54-9A1E7A4F7556}") = "Application.UnitTests", "Tests\Application.UnitTests\Application.UnitTests.csproj", "{69E657A0-DE8D-4BA4-B9A9-77C8332321C6}"
EndProject
Project("{9A19103F-16F7-4668-BE54-9A1E7A4F7556}") = "Domain.UnitTests", "Tests\Domain.UnitTests\Domain.UnitTests.csproj", "{FD68C950-322B-467C-82A6-99C084BAB50B}"
EndProject
Project("{9A19103F-16F7-4668-BE54-9A1E7A4F7556}") = "WebUI.IntegrationTests", "Tests\WebUI.IntegrationTests\WebUI.IntegrationTests.csproj", "{22B85BF9-27F9-4C0C-AB6D-C05014C022E5}"
EndProject
Project("{9A19103F-16F7-4668-BE54-9A1E7A4F7556}") = "Persistence.IntegrationTests", "Tests\Persistence.IntegrationTests\Persistence.IntegrationTests.csproj", "{FCFF633E-3675-41FE-8A2C-18009C744C00}"
EndProject
Project("{9A19103F-16F7-4668-BE54-9A1E7A4F7556}") = "DomainServices.Interfaces", "Src\DomainServices.Interfaces\DomainServices.Interfaces.csproj", "{90986416-7A89-4480-9DCE-99AE259783A2}"
EndProject
Project("{9A19103F-16F7-4668-BE54-9A1E7A4F7556}") = "DomainServices", "Src\DomainServices\DomainServices.csproj", "{3A4D500E-0F60-49DF-A0B6-DBB75A268A0E}"
EndProject
Project("{9A19103F-16F7-4668-BE54-9A1E7A4F7556}") = "Infrastructure.Interfaces", "Src\Infrastructure.Interfaces\Infrastructure.Interfaces.csproj", "{215BA6A9-2500-49DD-B27B-603D777B0DB3}"
EndProject
Project("{2150E333-8FDC-42A3-9474-1A3956D46DE8}") = "0 Utils", "0 Utils", "{BB36E4F3-1424-455E-9F1D-D3ED182A1919}"
EndProject
Project("{2150E333-8FDC-42A3-9474-1A3956D46DE8}") = "1 Domain", "1 Domain", "{EFE5C218-1069-46F1-A53C-25BA57E27B7F}"
EndProject
Project("{2150E333-8FDC-42A3-9474-1A3956D46DE8}") = "2 Infrastructure Interfaces", "2 Infrastructure Interfaces", "{3B0223D8-9144-4E9F-A853-DCED2D6FED20}"
EndProject
Project("{2150E333-8FDC-42A3-9474-1A3956D46DE8}") = "3 UseCases", "3 UseCases", "{41A8C9D8-D908-4A07-AFB7-82A243A642F5}"
EndProject
Project("{9A19103F-16F7-4668-BE54-9A1E7A4F7556}") = "ApplicationServices", "Src\ApplicationServices\ApplicationServices.csproj", "{80A938BA-0DEF-43D1-A852-C18911C031E4}"
EndProject
Project("{9A19103F-16F7-4668-BE54-9A1E7A4F7556}") = "ApplicationServices.Interfaces", "Src\ApplicationServices.Interfaces\ApplicationServices.Interfaces.csproj", "{472E452C-7898-4A50-88B5-5524B7EAA826}"
EndProject
Project("{9A19103F-16F7-4668-BE54-9A1E7A4F7556}") = "Persistence.Interfaces", "Src\Persistence.Interfaces\Persistence.Interfaces.csproj", "{C96DC73E-7AC2-4ECE-BD65-F7A972DC957E}"
EndProject
Project("{9A19103F-16F7-4668-BE54-9A1E7A4F7556}") = "Notification.Interfaces", "Src\Notification.Interfaces\Notification.Interfaces.csproj", "{F3C9B413-0F31-4C8D-86ED-ADF1DE583F84}"
EndProject
Project("{9A19103F-16F7-4668-BE54-9A1E7A4F7556}") = "Notification", "Src\Notification\Notification.csproj", "{FBB6ABB3-9182-4355-B20A-16663626F51F}"
EndProject
Project("{2150E333-8FDC-42A3-9474-1A3956D46DE8}") = "4 Controllers", "4 Controllers", "{FF5A637F-7BE2-4168-A3FF-DD183F0BDB90}"
EndProject
Project("{FAE04EC0-301F-11D3-BF4B-00C04F79EFBC}") = "Controllers", "Src\Controllers\Controllers.csproj", "{967E811B-28DB-4A16-B0CB-78A3B7D53BEF}"
EndProject
Global
	GlobalSection(SolutionConfigurationPlatforms) = preSolution
		Debug|Any CPU = Debug|Any CPU
		Release|Any CPU = Release|Any CPU
	EndGlobalSection
	GlobalSection(ProjectConfigurationPlatforms) = postSolution
		{3C7E8164-A2CE-471A-9C15-E1A74E4BE9D9}.Debug|Any CPU.ActiveCfg = Debug|Any CPU
		{3C7E8164-A2CE-471A-9C15-E1A74E4BE9D9}.Debug|Any CPU.Build.0 = Debug|Any CPU
		{3C7E8164-A2CE-471A-9C15-E1A74E4BE9D9}.Release|Any CPU.ActiveCfg = Release|Any CPU
		{3C7E8164-A2CE-471A-9C15-E1A74E4BE9D9}.Release|Any CPU.Build.0 = Release|Any CPU
		{0A18018C-95CA-43CB-BFBF-5DB086E93009}.Debug|Any CPU.ActiveCfg = Debug|Any CPU
		{0A18018C-95CA-43CB-BFBF-5DB086E93009}.Debug|Any CPU.Build.0 = Debug|Any CPU
		{0A18018C-95CA-43CB-BFBF-5DB086E93009}.Release|Any CPU.ActiveCfg = Release|Any CPU
		{0A18018C-95CA-43CB-BFBF-5DB086E93009}.Release|Any CPU.Build.0 = Release|Any CPU
		{5FB1A4D7-D13E-47C3-9152-3890B8CA9C37}.Debug|Any CPU.ActiveCfg = Debug|Any CPU
		{5FB1A4D7-D13E-47C3-9152-3890B8CA9C37}.Debug|Any CPU.Build.0 = Debug|Any CPU
		{5FB1A4D7-D13E-47C3-9152-3890B8CA9C37}.Release|Any CPU.ActiveCfg = Release|Any CPU
		{5FB1A4D7-D13E-47C3-9152-3890B8CA9C37}.Release|Any CPU.Build.0 = Release|Any CPU
		{1C11E54E-54DB-47A2-9D10-03AFDA347F22}.Debug|Any CPU.ActiveCfg = Debug|Any CPU
		{1C11E54E-54DB-47A2-9D10-03AFDA347F22}.Debug|Any CPU.Build.0 = Debug|Any CPU
		{1C11E54E-54DB-47A2-9D10-03AFDA347F22}.Release|Any CPU.ActiveCfg = Release|Any CPU
		{1C11E54E-54DB-47A2-9D10-03AFDA347F22}.Release|Any CPU.Build.0 = Release|Any CPU
		{34BB0A51-74B9-46B6-BEAA-94A914F552EE}.Debug|Any CPU.ActiveCfg = Debug|Any CPU
		{34BB0A51-74B9-46B6-BEAA-94A914F552EE}.Debug|Any CPU.Build.0 = Debug|Any CPU
		{34BB0A51-74B9-46B6-BEAA-94A914F552EE}.Release|Any CPU.ActiveCfg = Release|Any CPU
		{34BB0A51-74B9-46B6-BEAA-94A914F552EE}.Release|Any CPU.Build.0 = Release|Any CPU
		{B3A105C1-F3E0-4290-A330-D0D3F29D2B26}.Debug|Any CPU.ActiveCfg = Debug|Any CPU
		{B3A105C1-F3E0-4290-A330-D0D3F29D2B26}.Debug|Any CPU.Build.0 = Debug|Any CPU
		{B3A105C1-F3E0-4290-A330-D0D3F29D2B26}.Release|Any CPU.ActiveCfg = Release|Any CPU
		{B3A105C1-F3E0-4290-A330-D0D3F29D2B26}.Release|Any CPU.Build.0 = Release|Any CPU
		{69E657A0-DE8D-4BA4-B9A9-77C8332321C6}.Debug|Any CPU.ActiveCfg = Debug|Any CPU
		{69E657A0-DE8D-4BA4-B9A9-77C8332321C6}.Debug|Any CPU.Build.0 = Debug|Any CPU
		{69E657A0-DE8D-4BA4-B9A9-77C8332321C6}.Release|Any CPU.ActiveCfg = Release|Any CPU
		{69E657A0-DE8D-4BA4-B9A9-77C8332321C6}.Release|Any CPU.Build.0 = Release|Any CPU
		{FD68C950-322B-467C-82A6-99C084BAB50B}.Debug|Any CPU.ActiveCfg = Debug|Any CPU
		{FD68C950-322B-467C-82A6-99C084BAB50B}.Debug|Any CPU.Build.0 = Debug|Any CPU
		{FD68C950-322B-467C-82A6-99C084BAB50B}.Release|Any CPU.ActiveCfg = Release|Any CPU
		{FD68C950-322B-467C-82A6-99C084BAB50B}.Release|Any CPU.Build.0 = Release|Any CPU
		{22B85BF9-27F9-4C0C-AB6D-C05014C022E5}.Debug|Any CPU.ActiveCfg = Debug|Any CPU
		{22B85BF9-27F9-4C0C-AB6D-C05014C022E5}.Debug|Any CPU.Build.0 = Debug|Any CPU
		{22B85BF9-27F9-4C0C-AB6D-C05014C022E5}.Release|Any CPU.ActiveCfg = Release|Any CPU
		{22B85BF9-27F9-4C0C-AB6D-C05014C022E5}.Release|Any CPU.Build.0 = Release|Any CPU
		{FCFF633E-3675-41FE-8A2C-18009C744C00}.Debug|Any CPU.ActiveCfg = Debug|Any CPU
		{FCFF633E-3675-41FE-8A2C-18009C744C00}.Debug|Any CPU.Build.0 = Debug|Any CPU
		{FCFF633E-3675-41FE-8A2C-18009C744C00}.Release|Any CPU.ActiveCfg = Release|Any CPU
		{FCFF633E-3675-41FE-8A2C-18009C744C00}.Release|Any CPU.Build.0 = Release|Any CPU
		{90986416-7A89-4480-9DCE-99AE259783A2}.Debug|Any CPU.ActiveCfg = Debug|Any CPU
		{90986416-7A89-4480-9DCE-99AE259783A2}.Debug|Any CPU.Build.0 = Debug|Any CPU
		{90986416-7A89-4480-9DCE-99AE259783A2}.Release|Any CPU.ActiveCfg = Release|Any CPU
		{90986416-7A89-4480-9DCE-99AE259783A2}.Release|Any CPU.Build.0 = Release|Any CPU
		{3A4D500E-0F60-49DF-A0B6-DBB75A268A0E}.Debug|Any CPU.ActiveCfg = Debug|Any CPU
		{3A4D500E-0F60-49DF-A0B6-DBB75A268A0E}.Debug|Any CPU.Build.0 = Debug|Any CPU
		{3A4D500E-0F60-49DF-A0B6-DBB75A268A0E}.Release|Any CPU.ActiveCfg = Release|Any CPU
		{3A4D500E-0F60-49DF-A0B6-DBB75A268A0E}.Release|Any CPU.Build.0 = Release|Any CPU
		{215BA6A9-2500-49DD-B27B-603D777B0DB3}.Debug|Any CPU.ActiveCfg = Debug|Any CPU
		{215BA6A9-2500-49DD-B27B-603D777B0DB3}.Debug|Any CPU.Build.0 = Debug|Any CPU
		{215BA6A9-2500-49DD-B27B-603D777B0DB3}.Release|Any CPU.ActiveCfg = Release|Any CPU
		{215BA6A9-2500-49DD-B27B-603D777B0DB3}.Release|Any CPU.Build.0 = Release|Any CPU
		{80A938BA-0DEF-43D1-A852-C18911C031E4}.Debug|Any CPU.ActiveCfg = Debug|Any CPU
		{80A938BA-0DEF-43D1-A852-C18911C031E4}.Debug|Any CPU.Build.0 = Debug|Any CPU
		{80A938BA-0DEF-43D1-A852-C18911C031E4}.Release|Any CPU.ActiveCfg = Release|Any CPU
		{80A938BA-0DEF-43D1-A852-C18911C031E4}.Release|Any CPU.Build.0 = Release|Any CPU
		{472E452C-7898-4A50-88B5-5524B7EAA826}.Debug|Any CPU.ActiveCfg = Debug|Any CPU
		{472E452C-7898-4A50-88B5-5524B7EAA826}.Debug|Any CPU.Build.0 = Debug|Any CPU
		{472E452C-7898-4A50-88B5-5524B7EAA826}.Release|Any CPU.ActiveCfg = Release|Any CPU
		{472E452C-7898-4A50-88B5-5524B7EAA826}.Release|Any CPU.Build.0 = Release|Any CPU
		{C96DC73E-7AC2-4ECE-BD65-F7A972DC957E}.Debug|Any CPU.ActiveCfg = Debug|Any CPU
		{C96DC73E-7AC2-4ECE-BD65-F7A972DC957E}.Debug|Any CPU.Build.0 = Debug|Any CPU
		{C96DC73E-7AC2-4ECE-BD65-F7A972DC957E}.Release|Any CPU.ActiveCfg = Release|Any CPU
		{C96DC73E-7AC2-4ECE-BD65-F7A972DC957E}.Release|Any CPU.Build.0 = Release|Any CPU
		{F3C9B413-0F31-4C8D-86ED-ADF1DE583F84}.Debug|Any CPU.ActiveCfg = Debug|Any CPU
		{F3C9B413-0F31-4C8D-86ED-ADF1DE583F84}.Debug|Any CPU.Build.0 = Debug|Any CPU
		{F3C9B413-0F31-4C8D-86ED-ADF1DE583F84}.Release|Any CPU.ActiveCfg = Release|Any CPU
		{F3C9B413-0F31-4C8D-86ED-ADF1DE583F84}.Release|Any CPU.Build.0 = Release|Any CPU
		{FBB6ABB3-9182-4355-B20A-16663626F51F}.Debug|Any CPU.ActiveCfg = Debug|Any CPU
		{FBB6ABB3-9182-4355-B20A-16663626F51F}.Debug|Any CPU.Build.0 = Debug|Any CPU
		{FBB6ABB3-9182-4355-B20A-16663626F51F}.Release|Any CPU.ActiveCfg = Release|Any CPU
		{FBB6ABB3-9182-4355-B20A-16663626F51F}.Release|Any CPU.Build.0 = Release|Any CPU
		{967E811B-28DB-4A16-B0CB-78A3B7D53BEF}.Debug|Any CPU.ActiveCfg = Debug|Any CPU
		{967E811B-28DB-4A16-B0CB-78A3B7D53BEF}.Debug|Any CPU.Build.0 = Debug|Any CPU
		{967E811B-28DB-4A16-B0CB-78A3B7D53BEF}.Release|Any CPU.ActiveCfg = Release|Any CPU
		{967E811B-28DB-4A16-B0CB-78A3B7D53BEF}.Release|Any CPU.Build.0 = Release|Any CPU
	EndGlobalSection
	GlobalSection(SolutionProperties) = preSolution
		HideSolutionNode = FALSE
	EndGlobalSection
	GlobalSection(NestedProjects) = preSolution
		{1EC1EEFF-3888-4125-9229-623C564F3E7E} = {4B785E7E-2F35-4198-BD73-D2B861E5518A}
		{833DEA57-A970-418C-831C-2355B8294766} = {4B785E7E-2F35-4198-BD73-D2B861E5518A}
		{3C7E8164-A2CE-471A-9C15-E1A74E4BE9D9} = {BB36E4F3-1424-455E-9F1D-D3ED182A1919}
		{0A18018C-95CA-43CB-BFBF-5DB086E93009} = {EFE5C218-1069-46F1-A53C-25BA57E27B7F}
		{5FB1A4D7-D13E-47C3-9152-3890B8CA9C37} = {41A8C9D8-D908-4A07-AFB7-82A243A642F5}
		{1C11E54E-54DB-47A2-9D10-03AFDA347F22} = {1EC1EEFF-3888-4125-9229-623C564F3E7E}
		{34BB0A51-74B9-46B6-BEAA-94A914F552EE} = {1EC1EEFF-3888-4125-9229-623C564F3E7E}
		{B3A105C1-F3E0-4290-A330-D0D3F29D2B26} = {833DEA57-A970-418C-831C-2355B8294766}
		{69E657A0-DE8D-4BA4-B9A9-77C8332321C6} = {9FEDAEFB-297C-4201-8FAA-F502F94CAFED}
		{FD68C950-322B-467C-82A6-99C084BAB50B} = {9FEDAEFB-297C-4201-8FAA-F502F94CAFED}
		{22B85BF9-27F9-4C0C-AB6D-C05014C022E5} = {9FEDAEFB-297C-4201-8FAA-F502F94CAFED}
		{FCFF633E-3675-41FE-8A2C-18009C744C00} = {9FEDAEFB-297C-4201-8FAA-F502F94CAFED}
		{90986416-7A89-4480-9DCE-99AE259783A2} = {EFE5C218-1069-46F1-A53C-25BA57E27B7F}
		{3A4D500E-0F60-49DF-A0B6-DBB75A268A0E} = {EFE5C218-1069-46F1-A53C-25BA57E27B7F}
		{215BA6A9-2500-49DD-B27B-603D777B0DB3} = {3B0223D8-9144-4E9F-A853-DCED2D6FED20}
		{BB36E4F3-1424-455E-9F1D-D3ED182A1919} = {4B785E7E-2F35-4198-BD73-D2B861E5518A}
		{EFE5C218-1069-46F1-A53C-25BA57E27B7F} = {4B785E7E-2F35-4198-BD73-D2B861E5518A}
		{3B0223D8-9144-4E9F-A853-DCED2D6FED20} = {4B785E7E-2F35-4198-BD73-D2B861E5518A}
		{41A8C9D8-D908-4A07-AFB7-82A243A642F5} = {4B785E7E-2F35-4198-BD73-D2B861E5518A}
		{80A938BA-0DEF-43D1-A852-C18911C031E4} = {41A8C9D8-D908-4A07-AFB7-82A243A642F5}
		{472E452C-7898-4A50-88B5-5524B7EAA826} = {41A8C9D8-D908-4A07-AFB7-82A243A642F5}
		{C96DC73E-7AC2-4ECE-BD65-F7A972DC957E} = {3B0223D8-9144-4E9F-A853-DCED2D6FED20}
		{F3C9B413-0F31-4C8D-86ED-ADF1DE583F84} = {3B0223D8-9144-4E9F-A853-DCED2D6FED20}
		{FBB6ABB3-9182-4355-B20A-16663626F51F} = {1EC1EEFF-3888-4125-9229-623C564F3E7E}
		{FF5A637F-7BE2-4168-A3FF-DD183F0BDB90} = {4B785E7E-2F35-4198-BD73-D2B861E5518A}
		{967E811B-28DB-4A16-B0CB-78A3B7D53BEF} = {FF5A637F-7BE2-4168-A3FF-DD183F0BDB90}
	EndGlobalSection
	GlobalSection(ExtensibilityGlobals) = postSolution
		SolutionGuid = {0D5D0CA3-C6B8-436C-82B0-39820C8A13FA}
	EndGlobalSection
EndGlobal
