
Microsoft Visual Studio Solution File, Format Version 12.00
# Visual Studio 15
VisualStudioVersion = 15.0.26124.0
MinimumVisualStudioVersion = 15.0.26124.0
Project("{FAE04EC0-301F-11D3-BF4B-00C04F79EFBC}") = "IntroducingDI", "IntroducingDI\IntroducingDI.csproj", "{9772EF79-72C4-439B-850E-7984836955B6}"
EndProject
Project("{FAE04EC0-301F-11D3-BF4B-00C04F79EFBC}") = "IntroducingDI.Tests", "IntroducingDI.Tests\IntroducingDI.Tests.csproj", "{C34B8F54-58AD-4B72-8E49-22259E0F4E9C}"
EndProject
Global
	GlobalSection(SolutionConfigurationPlatforms) = preSolution
		Debug|Any CPU = Debug|Any CPU
		Debug|x64 = Debug|x64
		Debug|x86 = Debug|x86
		Release|Any CPU = Release|Any CPU
		Release|x64 = Release|x64
		Release|x86 = Release|x86
	EndGlobalSection
	GlobalSection(SolutionProperties) = preSolution
		HideSolutionNode = FALSE
	EndGlobalSection
	GlobalSection(ProjectConfigurationPlatforms) = postSolution
		{9772EF79-72C4-439B-850E-7984836955B6}.Debug|Any CPU.ActiveCfg = Debug|Any CPU
		{9772EF79-72C4-439B-850E-7984836955B6}.Debug|Any CPU.Build.0 = Debug|Any CPU
		{9772EF79-72C4-439B-850E-7984836955B6}.Debug|x64.ActiveCfg = Debug|Any CPU
		{9772EF79-72C4-439B-850E-7984836955B6}.Debug|x64.Build.0 = Debug|Any CPU
		{9772EF79-72C4-439B-850E-7984836955B6}.Debug|x86.ActiveCfg = Debug|Any CPU
		{9772EF79-72C4-439B-850E-7984836955B6}.Debug|x86.Build.0 = Debug|Any CPU
		{9772EF79-72C4-439B-850E-7984836955B6}.Release|Any CPU.ActiveCfg = Release|Any CPU
		{9772EF79-72C4-439B-850E-7984836955B6}.Release|Any CPU.Build.0 = Release|Any CPU
		{9772EF79-72C4-439B-850E-7984836955B6}.Release|x64.ActiveCfg = Release|Any CPU
		{9772EF79-72C4-439B-850E-7984836955B6}.Release|x64.Build.0 = Release|Any CPU
		{9772EF79-72C4-439B-850E-7984836955B6}.Release|x86.ActiveCfg = Release|Any CPU
		{9772EF79-72C4-439B-850E-7984836955B6}.Release|x86.Build.0 = Release|Any CPU
		{C34B8F54-58AD-4B72-8E49-22259E0F4E9C}.Debug|Any CPU.ActiveCfg = Debug|Any CPU
		{C34B8F54-58AD-4B72-8E49-22259E0F4E9C}.Debug|Any CPU.Build.0 = Debug|Any CPU
		{C34B8F54-58AD-4B72-8E49-22259E0F4E9C}.Debug|x64.ActiveCfg = Debug|Any CPU
		{C34B8F54-58AD-4B72-8E49-22259E0F4E9C}.Debug|x64.Build.0 = Debug|Any CPU
		{C34B8F54-58AD-4B72-8E49-22259E0F4E9C}.Debug|x86.ActiveCfg = Debug|Any CPU
		{C34B8F54-58AD-4B72-8E49-22259E0F4E9C}.Debug|x86.Build.0 = Debug|Any CPU
		{C34B8F54-58AD-4B72-8E49-22259E0F4E9C}.Release|Any CPU.ActiveCfg = Release|Any CPU
		{C34B8F54-58AD-4B72-8E49-22259E0F4E9C}.Release|Any CPU.Build.0 = Release|Any CPU
		{C34B8F54-58AD-4B72-8E49-22259E0F4E9C}.Release|x64.ActiveCfg = Release|Any CPU
		{C34B8F54-58AD-4B72-8E49-22259E0F4E9C}.Release|x64.Build.0 = Release|Any CPU
		{C34B8F54-58AD-4B72-8E49-22259E0F4E9C}.Release|x86.ActiveCfg = Release|Any CPU
		{C34B8F54-58AD-4B72-8E49-22259E0F4E9C}.Release|x86.Build.0 = Release|Any CPU
	EndGlobalSection
EndGlobal
