
Microsoft Visual Studio Solution File, Format Version 12.00
# Visual Studio Version 16
VisualStudioVersion = 16.0.30804.86
MinimumVisualStudioVersion = 10.0.40219.1
Project("{6EC3EE1D-3C4E-46DD-8F32-0CC8E7565705}") = "01_CountWords", "01_CountWords\01_CountWords.fsproj", "{121C359A-18CC-472E-9DCC-A92567E588C8}"
EndProject
Project("{6EC3EE1D-3C4E-46DD-8F32-0CC8E7565705}") = "02_WebPage", "02_WebPage\02_WebPage.fsproj", "{40333F45-B156-4512-82F6-5EAC48D939F2}"
EndProject
Project("{6EC3EE1D-3C4E-46DD-8F32-0CC8E7565705}") = "03_DriveCode", "03_DriveCode\03_DriveCode.fsproj", "{C09C642F-1385-40FB-AAC0-3AFA3848987D}"
EndProject
Project("{6EC3EE1D-3C4E-46DD-8F32-0CC8E7565705}") = "04_Capstone1", "04_Capstone1\04_Capstone1.fsproj", "{48DAC498-28F0-4B01-B73A-245C336FBCC8}"
EndProject
Project("{6EC3EE1D-3C4E-46DD-8F32-0CC8E7565705}") = "05_Tuples", "05_Tuples\05_Tuples.fsproj", "{16974038-78A3-4081-9B5C-A08051B453C0}"
EndProject
Project("{6EC3EE1D-3C4E-46DD-8F32-0CC8E7565705}") = "06_Records", "06_Records\06_Records.fsproj", "{542A4ABF-B061-4288-8ABE-6789E102795A}"
EndProject
Project("{6EC3EE1D-3C4E-46DD-8F32-0CC8E7565705}") = "07_DriveCodeImproved", "07_DriveCodeImproved\07_DriveCodeImproved.fsproj", "{08485DE1-FA96-40CC-97CD-0125EF5E30B8}"
EndProject
Project("{6EC3EE1D-3C4E-46DD-8F32-0CC8E7565705}") = "08_CurriedFunctions", "08_CurriedFunctions\08_CurriedFunctions.fsproj", "{175F64F3-BCC8-4A3A-B3E8-6899A95F732D}"
EndProject
Project("{6EC3EE1D-3C4E-46DD-8F32-0CC8E7565705}") = "09_ChainedFunctions", "09_ChainedFunctions\09_ChainedFunctions.fsproj", "{9BC90DAE-C3DB-4E30-B0D3-5C00AF3B87F3}"
EndProject
Project("{6EC3EE1D-3C4E-46DD-8F32-0CC8E7565705}") = "10_HofAsDI", "10_HofAsDI\10_HofAsDI.fsproj", "{C60E649C-8D78-4FC4-8F22-EA7487CBF196}"
EndProject
Project("{6EC3EE1D-3C4E-46DD-8F32-0CC8E7565705}") = "11_Capstone2", "11_Capstone2\11_Capstone2.fsproj", "{C63E7F16-2BE9-410E-AFCA-D97CC28D4D2F}"
EndProject
Project("{6EC3EE1D-3C4E-46DD-8F32-0CC8E7565705}") = "12_CollectionTypes", "12_CollectionTypes\12_CollectionTypes.fsproj", "{FB4F5765-460A-4815-8254-5494421A4169}"
EndProject
Project("{6EC3EE1D-3C4E-46DD-8F32-0CC8E7565705}") = "13_TryCollections", "13_TryCollections\13_TryCollections.fsproj", "{1D3B821B-38CC-4208-8238-F751A73EB6C2}"
EndProject
Project("{F2A71F9B-5D33-465A-A702-920D77279786}") = "14_MapAndSet", "14_MapAndSet\14_MapAndSet.fsproj", "{54DD57A5-316A-4204-BE10-31D57A886A9B}"
EndProject
Project("{F2A71F9B-5D33-465A-A702-920D77279786}") = "15_Aggregation", "15_Aggregation\15_Aggregation.fsproj", "{A251CDD4-0BCF-4FFF-9739-329C21E9750A}"
EndProject
Global
	GlobalSection(SolutionConfigurationPlatforms) = preSolution
		Debug|Any CPU = Debug|Any CPU
		Release|Any CPU = Release|Any CPU
	EndGlobalSection
	GlobalSection(ProjectConfigurationPlatforms) = postSolution
		{121C359A-18CC-472E-9DCC-A92567E588C8}.Debug|Any CPU.ActiveCfg = Debug|Any CPU
		{121C359A-18CC-472E-9DCC-A92567E588C8}.Debug|Any CPU.Build.0 = Debug|Any CPU
		{121C359A-18CC-472E-9DCC-A92567E588C8}.Release|Any CPU.ActiveCfg = Release|Any CPU
		{121C359A-18CC-472E-9DCC-A92567E588C8}.Release|Any CPU.Build.0 = Release|Any CPU
		{40333F45-B156-4512-82F6-5EAC48D939F2}.Debug|Any CPU.ActiveCfg = Debug|Any CPU
		{40333F45-B156-4512-82F6-5EAC48D939F2}.Debug|Any CPU.Build.0 = Debug|Any CPU
		{40333F45-B156-4512-82F6-5EAC48D939F2}.Release|Any CPU.ActiveCfg = Release|Any CPU
		{40333F45-B156-4512-82F6-5EAC48D939F2}.Release|Any CPU.Build.0 = Release|Any CPU
		{C09C642F-1385-40FB-AAC0-3AFA3848987D}.Debug|Any CPU.ActiveCfg = Debug|Any CPU
		{C09C642F-1385-40FB-AAC0-3AFA3848987D}.Debug|Any CPU.Build.0 = Debug|Any CPU
		{C09C642F-1385-40FB-AAC0-3AFA3848987D}.Release|Any CPU.ActiveCfg = Release|Any CPU
		{C09C642F-1385-40FB-AAC0-3AFA3848987D}.Release|Any CPU.Build.0 = Release|Any CPU
		{48DAC498-28F0-4B01-B73A-245C336FBCC8}.Debug|Any CPU.ActiveCfg = Debug|Any CPU
		{48DAC498-28F0-4B01-B73A-245C336FBCC8}.Debug|Any CPU.Build.0 = Debug|Any CPU
		{48DAC498-28F0-4B01-B73A-245C336FBCC8}.Release|Any CPU.ActiveCfg = Release|Any CPU
		{48DAC498-28F0-4B01-B73A-245C336FBCC8}.Release|Any CPU.Build.0 = Release|Any CPU
		{16974038-78A3-4081-9B5C-A08051B453C0}.Debug|Any CPU.ActiveCfg = Debug|Any CPU
		{16974038-78A3-4081-9B5C-A08051B453C0}.Debug|Any CPU.Build.0 = Debug|Any CPU
		{16974038-78A3-4081-9B5C-A08051B453C0}.Release|Any CPU.ActiveCfg = Release|Any CPU
		{16974038-78A3-4081-9B5C-A08051B453C0}.Release|Any CPU.Build.0 = Release|Any CPU
		{542A4ABF-B061-4288-8ABE-6789E102795A}.Debug|Any CPU.ActiveCfg = Debug|Any CPU
		{542A4ABF-B061-4288-8ABE-6789E102795A}.Debug|Any CPU.Build.0 = Debug|Any CPU
		{542A4ABF-B061-4288-8ABE-6789E102795A}.Release|Any CPU.ActiveCfg = Release|Any CPU
		{542A4ABF-B061-4288-8ABE-6789E102795A}.Release|Any CPU.Build.0 = Release|Any CPU
		{08485DE1-FA96-40CC-97CD-0125EF5E30B8}.Debug|Any CPU.ActiveCfg = Debug|Any CPU
		{08485DE1-FA96-40CC-97CD-0125EF5E30B8}.Debug|Any CPU.Build.0 = Debug|Any CPU
		{08485DE1-FA96-40CC-97CD-0125EF5E30B8}.Release|Any CPU.ActiveCfg = Release|Any CPU
		{08485DE1-FA96-40CC-97CD-0125EF5E30B8}.Release|Any CPU.Build.0 = Release|Any CPU
		{175F64F3-BCC8-4A3A-B3E8-6899A95F732D}.Debug|Any CPU.ActiveCfg = Debug|Any CPU
		{175F64F3-BCC8-4A3A-B3E8-6899A95F732D}.Debug|Any CPU.Build.0 = Debug|Any CPU
		{175F64F3-BCC8-4A3A-B3E8-6899A95F732D}.Release|Any CPU.ActiveCfg = Release|Any CPU
		{175F64F3-BCC8-4A3A-B3E8-6899A95F732D}.Release|Any CPU.Build.0 = Release|Any CPU
		{9BC90DAE-C3DB-4E30-B0D3-5C00AF3B87F3}.Debug|Any CPU.ActiveCfg = Debug|Any CPU
		{9BC90DAE-C3DB-4E30-B0D3-5C00AF3B87F3}.Debug|Any CPU.Build.0 = Debug|Any CPU
		{9BC90DAE-C3DB-4E30-B0D3-5C00AF3B87F3}.Release|Any CPU.ActiveCfg = Release|Any CPU
		{9BC90DAE-C3DB-4E30-B0D3-5C00AF3B87F3}.Release|Any CPU.Build.0 = Release|Any CPU
		{C60E649C-8D78-4FC4-8F22-EA7487CBF196}.Debug|Any CPU.ActiveCfg = Debug|Any CPU
		{C60E649C-8D78-4FC4-8F22-EA7487CBF196}.Debug|Any CPU.Build.0 = Debug|Any CPU
		{C60E649C-8D78-4FC4-8F22-EA7487CBF196}.Release|Any CPU.ActiveCfg = Release|Any CPU
		{C60E649C-8D78-4FC4-8F22-EA7487CBF196}.Release|Any CPU.Build.0 = Release|Any CPU
		{C63E7F16-2BE9-410E-AFCA-D97CC28D4D2F}.Debug|Any CPU.ActiveCfg = Debug|Any CPU
		{C63E7F16-2BE9-410E-AFCA-D97CC28D4D2F}.Debug|Any CPU.Build.0 = Debug|Any CPU
		{C63E7F16-2BE9-410E-AFCA-D97CC28D4D2F}.Release|Any CPU.ActiveCfg = Release|Any CPU
		{C63E7F16-2BE9-410E-AFCA-D97CC28D4D2F}.Release|Any CPU.Build.0 = Release|Any CPU
		{FB4F5765-460A-4815-8254-5494421A4169}.Debug|Any CPU.ActiveCfg = Debug|Any CPU
		{FB4F5765-460A-4815-8254-5494421A4169}.Debug|Any CPU.Build.0 = Debug|Any CPU
		{FB4F5765-460A-4815-8254-5494421A4169}.Release|Any CPU.ActiveCfg = Release|Any CPU
		{FB4F5765-460A-4815-8254-5494421A4169}.Release|Any CPU.Build.0 = Release|Any CPU
		{1D3B821B-38CC-4208-8238-F751A73EB6C2}.Debug|Any CPU.ActiveCfg = Debug|Any CPU
		{1D3B821B-38CC-4208-8238-F751A73EB6C2}.Debug|Any CPU.Build.0 = Debug|Any CPU
		{1D3B821B-38CC-4208-8238-F751A73EB6C2}.Release|Any CPU.ActiveCfg = Release|Any CPU
		{1D3B821B-38CC-4208-8238-F751A73EB6C2}.Release|Any CPU.Build.0 = Release|Any CPU
		{54DD57A5-316A-4204-BE10-31D57A886A9B}.Debug|Any CPU.ActiveCfg = Debug|Any CPU
		{54DD57A5-316A-4204-BE10-31D57A886A9B}.Debug|Any CPU.Build.0 = Debug|Any CPU
		{54DD57A5-316A-4204-BE10-31D57A886A9B}.Release|Any CPU.ActiveCfg = Release|Any CPU
		{54DD57A5-316A-4204-BE10-31D57A886A9B}.Release|Any CPU.Build.0 = Release|Any CPU
		{A251CDD4-0BCF-4FFF-9739-329C21E9750A}.Debug|Any CPU.ActiveCfg = Debug|Any CPU
		{A251CDD4-0BCF-4FFF-9739-329C21E9750A}.Debug|Any CPU.Build.0 = Debug|Any CPU
		{A251CDD4-0BCF-4FFF-9739-329C21E9750A}.Release|Any CPU.ActiveCfg = Release|Any CPU
		{A251CDD4-0BCF-4FFF-9739-329C21E9750A}.Release|Any CPU.Build.0 = Release|Any CPU
	EndGlobalSection
	GlobalSection(SolutionProperties) = preSolution
		HideSolutionNode = FALSE
	EndGlobalSection
	GlobalSection(ExtensibilityGlobals) = postSolution
		SolutionGuid = {EFD01D7F-01FD-42BC-88BB-333BF83DCEBE}
	EndGlobalSection
EndGlobal
