
Microsoft Visual Studio Solution File, Format Version 12.00
# Visual Studio 15
VisualStudioVersion = 15.0.28307.489
MinimumVisualStudioVersion = 10.0.40219.1
Project("{9A19103F-16F7-4668-BE54-9A1E7A4F7556}") = "SportsStore", "SportsStore\SportsStore.csproj", "{38768817-23BB-443F-A78D-B83A5F09220C}"
EndProject
Project("{9A19103F-16F7-4668-BE54-9A1E7A4F7556}") = "SportsStore.Tests", "SportsStore.Tests\SportsStore.Tests.csproj", "{66385026-2EB2-4B38-A78C-A0760CC023CF}"
EndProject
Global
	GlobalSection(SolutionConfigurationPlatforms) = preSolution
		Debug|Any CPU = Debug|Any CPU
		Release|Any CPU = Release|Any CPU
	EndGlobalSection
	GlobalSection(ProjectConfigurationPlatforms) = postSolution
		{38768817-23BB-443F-A78D-B83A5F09220C}.Debug|Any CPU.ActiveCfg = Debug|Any CPU
		{38768817-23BB-443F-A78D-B83A5F09220C}.Debug|Any CPU.Build.0 = Debug|Any CPU
		{38768817-23BB-443F-A78D-B83A5F09220C}.Release|Any CPU.ActiveCfg = Release|Any CPU
		{38768817-23BB-443F-A78D-B83A5F09220C}.Release|Any CPU.Build.0 = Release|Any CPU
		{66385026-2EB2-4B38-A78C-A0760CC023CF}.Debug|Any CPU.ActiveCfg = Debug|Any CPU
		{66385026-2EB2-4B38-A78C-A0760CC023CF}.Debug|Any CPU.Build.0 = Debug|Any CPU
		{66385026-2EB2-4B38-A78C-A0760CC023CF}.Release|Any CPU.ActiveCfg = Release|Any CPU
		{66385026-2EB2-4B38-A78C-A0760CC023CF}.Release|Any CPU.Build.0 = Release|Any CPU
	EndGlobalSection
	GlobalSection(SolutionProperties) = preSolution
		HideSolutionNode = FALSE
	EndGlobalSection
	GlobalSection(ExtensibilityGlobals) = postSolution
		SolutionGuid = {EBA81A2C-D6F2-4759-87AF-390E9770B90B}
	EndGlobalSection
EndGlobal
