
Microsoft Visual Studio Solution File, Format Version 12.00
# Visual Studio Version 17
VisualStudioVersion = 17.5.002.0
MinimumVisualStudioVersion = 10.0.40219.1
Project("{9A19103F-16F7-4668-BE54-9A1E7A4F7556}") = "ThreadSafeWithLock", "ThreadSafeWithLock.csproj", "{559C7BE7-AEE6-4026-BEC7-61E2A5EC1C00}"
EndProject
Global
	GlobalSection(SolutionConfigurationPlatforms) = preSolution
		Debug|Any CPU = Debug|Any CPU
		Release|Any CPU = Release|Any CPU
	EndGlobalSection
	GlobalSection(ProjectConfigurationPlatforms) = postSolution
		{559C7BE7-AEE6-4026-BEC7-61E2A5EC1C00}.Debug|Any CPU.ActiveCfg = Debug|Any CPU
		{559C7BE7-AEE6-4026-BEC7-61E2A5EC1C00}.Debug|Any CPU.Build.0 = Debug|Any CPU
		{559C7BE7-AEE6-4026-BEC7-61E2A5EC1C00}.Release|Any CPU.ActiveCfg = Release|Any CPU
		{559C7BE7-AEE6-4026-BEC7-61E2A5EC1C00}.Release|Any CPU.Build.0 = Release|Any CPU
	EndGlobalSection
	GlobalSection(SolutionProperties) = preSolution
		HideSolutionNode = FALSE
	EndGlobalSection
	GlobalSection(ExtensibilityGlobals) = postSolution
		SolutionGuid = {C79CE3F3-6F40-45FA-A813-9A2D479AFFF9}
	EndGlobalSection
EndGlobal
