
Microsoft Visual Studio Solution File, Format Version 12.00
# Visual Studio Version 16
VisualStudioVersion = 16.0.30114.105
MinimumVisualStudioVersion = 10.0.40219.1
Project("{FAE04EC0-301F-11D3-BF4B-00C04F79EFBC}") = "FinReportWebServiceByWsdl", "FinReportWebServiceByWsdl\FinReportWebServiceByWsdl.csproj", "{335AC340-D0FE-413C-A0CA-51545889BC29}"
EndProject
Project("{FAE04EC0-301F-11D3-BF4B-00C04F79EFBC}") = "FinReportWebServiceClient", "FinReportWebServiceClient\FinReportWebServiceClient.csproj", "{99060FDA-749A-4CF5-936A-E0D9E2DB4F40}"
EndProject
Global
	GlobalSection(SolutionConfigurationPlatforms) = preSolution
		Debug|Any CPU = Debug|Any CPU
		Release|Any CPU = Release|Any CPU
	EndGlobalSection
	GlobalSection(ProjectConfigurationPlatforms) = postSolution
		{335AC340-D0FE-413C-A0CA-51545889BC29}.Debug|Any CPU.ActiveCfg = Debug|Any CPU
		{335AC340-D0FE-413C-A0CA-51545889BC29}.Debug|Any CPU.Build.0 = Debug|Any CPU
		{335AC340-D0FE-413C-A0CA-51545889BC29}.Release|Any CPU.ActiveCfg = Release|Any CPU
		{335AC340-D0FE-413C-A0CA-51545889BC29}.Release|Any CPU.Build.0 = Release|Any CPU
		{99060FDA-749A-4CF5-936A-E0D9E2DB4F40}.Debug|Any CPU.ActiveCfg = Debug|Any CPU
		{99060FDA-749A-4CF5-936A-E0D9E2DB4F40}.Debug|Any CPU.Build.0 = Debug|Any CPU
		{99060FDA-749A-4CF5-936A-E0D9E2DB4F40}.Release|Any CPU.ActiveCfg = Release|Any CPU
		{99060FDA-749A-4CF5-936A-E0D9E2DB4F40}.Release|Any CPU.Build.0 = Release|Any CPU
	EndGlobalSection
	GlobalSection(SolutionProperties) = preSolution
		HideSolutionNode = FALSE
	EndGlobalSection
	GlobalSection(ExtensibilityGlobals) = postSolution
		SolutionGuid = {AB901D3F-F7F7-4350-BDE5-C85E3F43A4D5}
	EndGlobalSection
EndGlobal
