
Microsoft Visual Studio Solution File, Format Version 12.00
# Visual Studio Version 17
VisualStudioVersion = 17.0.31903.59
MinimumVisualStudioVersion = 10.0.40219.1
Project("{FAE04EC0-301F-11D3-BF4B-00C04F79EFBC}") = "TrainingCourses", "TrainingCourses/TrainingCourses.csproj", "{3D8536D5-02B2-457E-BEEA-075AA96CA3C0}"
EndProject
Project("{FAE04EC0-301F-11D3-BF4B-00C04F79EFBC}") = "Client", "Client\Client.csproj", "{22BA7DDE-70C3-4D57-B4ED-ABEC10C08667}"
EndProject
Global
	GlobalSection(SolutionConfigurationPlatforms) = preSolution
		Debug|Any CPU = Debug|Any CPU
		Release|Any CPU = Release|Any CPU
	EndGlobalSection
	GlobalSection(SolutionProperties) = preSolution
		HideSolutionNode = FALSE
	EndGlobalSection
	GlobalSection(ProjectConfigurationPlatforms) = postSolution
		{3D8536D5-02B2-457E-BEEA-075AA96CA3C0}.Debug|Any CPU.ActiveCfg = Debug|Any CPU
		{3D8536D5-02B2-457E-BEEA-075AA96CA3C0}.Debug|Any CPU.Build.0 = Debug|Any CPU
		{3D8536D5-02B2-457E-BEEA-075AA96CA3C0}.Release|Any CPU.ActiveCfg = Release|Any CPU
		{3D8536D5-02B2-457E-BEEA-075AA96CA3C0}.Release|Any CPU.Build.0 = Release|Any CPU
		{22BA7DDE-70C3-4D57-B4ED-ABEC10C08667}.Debug|Any CPU.ActiveCfg = Debug|Any CPU
		{22BA7DDE-70C3-4D57-B4ED-ABEC10C08667}.Debug|Any CPU.Build.0 = Debug|Any CPU
		{22BA7DDE-70C3-4D57-B4ED-ABEC10C08667}.Release|Any CPU.ActiveCfg = Release|Any CPU
		{22BA7DDE-70C3-4D57-B4ED-ABEC10C08667}.Release|Any CPU.Build.0 = Release|Any CPU
	EndGlobalSection
EndGlobal
