
Microsoft Visual Studio Solution File, Format Version 12.00
# Visual Studio 15
VisualStudioVersion = 15.0.28307.489
MinimumVisualStudioVersion = 10.0.40219.1
Project("{9A19103F-16F7-4668-BE54-9A1E7A4F7556}") = "ConfiguringRazor", "ConfiguringRazor.csproj", "{CDBA426E-7D8A-4B52-8964-72D286BB1394}"
EndProject
Global
	GlobalSection(SolutionConfigurationPlatforms) = preSolution
		Debug|Any CPU = Debug|Any CPU
		Release|Any CPU = Release|Any CPU
	EndGlobalSection
	GlobalSection(ProjectConfigurationPlatforms) = postSolution
		{CDBA426E-7D8A-4B52-8964-72D286BB1394}.Debug|Any CPU.ActiveCfg = Debug|Any CPU
		{CDBA426E-7D8A-4B52-8964-72D286BB1394}.Debug|Any CPU.Build.0 = Debug|Any CPU
		{CDBA426E-7D8A-4B52-8964-72D286BB1394}.Release|Any CPU.ActiveCfg = Release|Any CPU
		{CDBA426E-7D8A-4B52-8964-72D286BB1394}.Release|Any CPU.Build.0 = Release|Any CPU
	EndGlobalSection
	GlobalSection(SolutionProperties) = preSolution
		HideSolutionNode = FALSE
	EndGlobalSection
	GlobalSection(ExtensibilityGlobals) = postSolution
		SolutionGuid = {7AC05B55-0447-4CBD-BAF6-6B594CD7D102}
	EndGlobalSection
EndGlobal
