
Microsoft Visual Studio Solution File, Format Version 12.00
# Visual Studio Version 17
VisualStudioVersion = 17.3.32825.248
MinimumVisualStudioVersion = 10.0.40219.1
Project("{9A19103F-16F7-4668-BE54-9A1E7A4F7556}") = "WebApp", "WebApp\WebApp.csproj", "{C66B2683-4414-4DD6-8FA6-0B25B871DCBD}"
EndProject
Project("{9A19103F-16F7-4668-BE54-9A1E7A4F7556}") = "Entities", "Entities\Entities.csproj", "{AA63DAD6-29AC-4371-A123-48790C5B644A}"
EndProject
Project("{9A19103F-16F7-4668-BE54-9A1E7A4F7556}") = "DataAccess.Sqlite", "DataAccess.Sqlite\DataAccess.Sqlite.csproj", "{DFA297A6-6537-4129-BED2-E8A740C51200}"
EndProject
Project("{9A19103F-16F7-4668-BE54-9A1E7A4F7556}") = "Utils", "Utils\Utils.csproj", "{B91E141B-717D-4EE6-BD1B-EF8347CF4795}"
EndProject
Project("{2150E333-8FDC-42A3-9474-1A3956D46DE8}") = "0 Utils", "0 Utils", "{55A56C28-3A5B-4C3E-95C2-E65600BA9C87}"
EndProject
Project("{2150E333-8FDC-42A3-9474-1A3956D46DE8}") = "1 Entities", "1 Entities", "{3A22E75D-4F20-4975-8DE0-AA77CFBEAF9D}"
EndProject
Project("{2150E333-8FDC-42A3-9474-1A3956D46DE8}") = "2 Infrastructure.Interfaces", "2 Infrastructure.Interfaces", "{72FBBCF1-0AEF-476F-B7BA-601F79692080}"
EndProject
Project("{2150E333-8FDC-42A3-9474-1A3956D46DE8}") = "5 Infrastructure.Implementation", "5 Infrastructure.Implementation", "{446575C8-59E7-460F-9FB7-205306395368}"
EndProject
Project("{2150E333-8FDC-42A3-9474-1A3956D46DE8}") = "3 UseCases", "3 UseCases", "{C424A8F6-4F97-4F81-8E78-605B463A5D9E}"
EndProject
Project("{9A19103F-16F7-4668-BE54-9A1E7A4F7556}") = "UseCases", "UseCases\UseCases.csproj", "{92C57A30-8C29-4B59-B741-93FF0AD1619D}"
EndProject
Project("{2150E333-8FDC-42A3-9474-1A3956D46DE8}") = "4 Controllers", "4 Controllers", "{1AD84459-623D-4B25-85A5-C5824B6D82CD}"
EndProject
Project("{9A19103F-16F7-4668-BE54-9A1E7A4F7556}") = "DataAccess.Interfaces", "DataAccess.Interfaces\DataAccess.Interfaces.csproj", "{B52BBC15-91BE-493E-8ABA-B699E5B9E730}"
EndProject
Project("{9A19103F-16F7-4668-BE54-9A1E7A4F7556}") = "WebApp.Interfaces", "WebApp.Interfaces\WebApp.Interfaces.csproj", "{FCAF12BC-F440-48FD-8EAB-A7D7CA0E6223}"
EndProject
Project("{9A19103F-16F7-4668-BE54-9A1E7A4F7556}") = "Delivery.Interfaces", "Delivery.Interfaces\Delivery.Interfaces.csproj", "{1684B7CC-855F-43E1-A167-5020A3917DD3}"
EndProject
Project("{9A19103F-16F7-4668-BE54-9A1E7A4F7556}") = "Delivery.Company", "Delivery.Company\Delivery.Company.csproj", "{2A97793F-4364-44A8-AD31-D8994E5FB667}"
EndProject
Project("{FAE04EC0-301F-11D3-BF4B-00C04F79EFBC}") = "DomainServices.Implementation", "DomainServices.Implementation\DomainServices.Implementation.csproj", "{2BA50C12-B471-4DB5-8965-F961EEC0E31F}"
EndProject
Project("{FAE04EC0-301F-11D3-BF4B-00C04F79EFBC}") = "DomainServices.Interfaces", "DomainServices.Interfaces\DomainServices.Interfaces.csproj", "{BC724F6A-8A73-4371-AB30-FD3C18E5573C}"
EndProject
Project("{FAE04EC0-301F-11D3-BF4B-00C04F79EFBC}") = "ApplicationServices.Interfaces", "ApplicationServices.Interfaces\ApplicationServices.Interfaces.csproj", "{E02F44B3-144B-4246-932B-648A719C8DC3}"
EndProject
Project("{FAE04EC0-301F-11D3-BF4B-00C04F79EFBC}") = "ApplicationServices.Implementation", "ApplicationServices.Implementation\ApplicationServices.Implementation.csproj", "{4C8CEF88-AFB1-4E7F-A835-A0CA0418EAAE}"
EndProject
Global
	GlobalSection(SolutionConfigurationPlatforms) = preSolution
		Debug|Any CPU = Debug|Any CPU
		Release|Any CPU = Release|Any CPU
	EndGlobalSection
	GlobalSection(ProjectConfigurationPlatforms) = postSolution
		{C66B2683-4414-4DD6-8FA6-0B25B871DCBD}.Debug|Any CPU.ActiveCfg = Debug|Any CPU
		{C66B2683-4414-4DD6-8FA6-0B25B871DCBD}.Debug|Any CPU.Build.0 = Debug|Any CPU
		{C66B2683-4414-4DD6-8FA6-0B25B871DCBD}.Release|Any CPU.ActiveCfg = Release|Any CPU
		{C66B2683-4414-4DD6-8FA6-0B25B871DCBD}.Release|Any CPU.Build.0 = Release|Any CPU
		{AA63DAD6-29AC-4371-A123-48790C5B644A}.Debug|Any CPU.ActiveCfg = Debug|Any CPU
		{AA63DAD6-29AC-4371-A123-48790C5B644A}.Debug|Any CPU.Build.0 = Debug|Any CPU
		{AA63DAD6-29AC-4371-A123-48790C5B644A}.Release|Any CPU.ActiveCfg = Release|Any CPU
		{AA63DAD6-29AC-4371-A123-48790C5B644A}.Release|Any CPU.Build.0 = Release|Any CPU
		{DFA297A6-6537-4129-BED2-E8A740C51200}.Debug|Any CPU.ActiveCfg = Debug|Any CPU
		{DFA297A6-6537-4129-BED2-E8A740C51200}.Debug|Any CPU.Build.0 = Debug|Any CPU
		{DFA297A6-6537-4129-BED2-E8A740C51200}.Release|Any CPU.ActiveCfg = Release|Any CPU
		{DFA297A6-6537-4129-BED2-E8A740C51200}.Release|Any CPU.Build.0 = Release|Any CPU
		{B91E141B-717D-4EE6-BD1B-EF8347CF4795}.Debug|Any CPU.ActiveCfg = Debug|Any CPU
		{B91E141B-717D-4EE6-BD1B-EF8347CF4795}.Debug|Any CPU.Build.0 = Debug|Any CPU
		{B91E141B-717D-4EE6-BD1B-EF8347CF4795}.Release|Any CPU.ActiveCfg = Release|Any CPU
		{B91E141B-717D-4EE6-BD1B-EF8347CF4795}.Release|Any CPU.Build.0 = Release|Any CPU
		{92C57A30-8C29-4B59-B741-93FF0AD1619D}.Debug|Any CPU.ActiveCfg = Debug|Any CPU
		{92C57A30-8C29-4B59-B741-93FF0AD1619D}.Debug|Any CPU.Build.0 = Debug|Any CPU
		{92C57A30-8C29-4B59-B741-93FF0AD1619D}.Release|Any CPU.ActiveCfg = Release|Any CPU
		{92C57A30-8C29-4B59-B741-93FF0AD1619D}.Release|Any CPU.Build.0 = Release|Any CPU
		{B52BBC15-91BE-493E-8ABA-B699E5B9E730}.Debug|Any CPU.ActiveCfg = Debug|Any CPU
		{B52BBC15-91BE-493E-8ABA-B699E5B9E730}.Debug|Any CPU.Build.0 = Debug|Any CPU
		{B52BBC15-91BE-493E-8ABA-B699E5B9E730}.Release|Any CPU.ActiveCfg = Release|Any CPU
		{B52BBC15-91BE-493E-8ABA-B699E5B9E730}.Release|Any CPU.Build.0 = Release|Any CPU
		{FCAF12BC-F440-48FD-8EAB-A7D7CA0E6223}.Debug|Any CPU.ActiveCfg = Debug|Any CPU
		{FCAF12BC-F440-48FD-8EAB-A7D7CA0E6223}.Debug|Any CPU.Build.0 = Debug|Any CPU
		{FCAF12BC-F440-48FD-8EAB-A7D7CA0E6223}.Release|Any CPU.ActiveCfg = Release|Any CPU
		{FCAF12BC-F440-48FD-8EAB-A7D7CA0E6223}.Release|Any CPU.Build.0 = Release|Any CPU
		{1684B7CC-855F-43E1-A167-5020A3917DD3}.Debug|Any CPU.ActiveCfg = Debug|Any CPU
		{1684B7CC-855F-43E1-A167-5020A3917DD3}.Debug|Any CPU.Build.0 = Debug|Any CPU
		{1684B7CC-855F-43E1-A167-5020A3917DD3}.Release|Any CPU.ActiveCfg = Release|Any CPU
		{1684B7CC-855F-43E1-A167-5020A3917DD3}.Release|Any CPU.Build.0 = Release|Any CPU
		{2A97793F-4364-44A8-AD31-D8994E5FB667}.Debug|Any CPU.ActiveCfg = Debug|Any CPU
		{2A97793F-4364-44A8-AD31-D8994E5FB667}.Debug|Any CPU.Build.0 = Debug|Any CPU
		{2A97793F-4364-44A8-AD31-D8994E5FB667}.Release|Any CPU.ActiveCfg = Release|Any CPU
		{2A97793F-4364-44A8-AD31-D8994E5FB667}.Release|Any CPU.Build.0 = Release|Any CPU
		{2BA50C12-B471-4DB5-8965-F961EEC0E31F}.Debug|Any CPU.ActiveCfg = Debug|Any CPU
		{2BA50C12-B471-4DB5-8965-F961EEC0E31F}.Debug|Any CPU.Build.0 = Debug|Any CPU
		{2BA50C12-B471-4DB5-8965-F961EEC0E31F}.Release|Any CPU.ActiveCfg = Release|Any CPU
		{2BA50C12-B471-4DB5-8965-F961EEC0E31F}.Release|Any CPU.Build.0 = Release|Any CPU
		{BC724F6A-8A73-4371-AB30-FD3C18E5573C}.Debug|Any CPU.ActiveCfg = Debug|Any CPU
		{BC724F6A-8A73-4371-AB30-FD3C18E5573C}.Debug|Any CPU.Build.0 = Debug|Any CPU
		{BC724F6A-8A73-4371-AB30-FD3C18E5573C}.Release|Any CPU.ActiveCfg = Release|Any CPU
		{BC724F6A-8A73-4371-AB30-FD3C18E5573C}.Release|Any CPU.Build.0 = Release|Any CPU
		{E02F44B3-144B-4246-932B-648A719C8DC3}.Debug|Any CPU.ActiveCfg = Debug|Any CPU
		{E02F44B3-144B-4246-932B-648A719C8DC3}.Debug|Any CPU.Build.0 = Debug|Any CPU
		{E02F44B3-144B-4246-932B-648A719C8DC3}.Release|Any CPU.ActiveCfg = Release|Any CPU
		{E02F44B3-144B-4246-932B-648A719C8DC3}.Release|Any CPU.Build.0 = Release|Any CPU
		{4C8CEF88-AFB1-4E7F-A835-A0CA0418EAAE}.Debug|Any CPU.ActiveCfg = Debug|Any CPU
		{4C8CEF88-AFB1-4E7F-A835-A0CA0418EAAE}.Debug|Any CPU.Build.0 = Debug|Any CPU
		{4C8CEF88-AFB1-4E7F-A835-A0CA0418EAAE}.Release|Any CPU.ActiveCfg = Release|Any CPU
		{4C8CEF88-AFB1-4E7F-A835-A0CA0418EAAE}.Release|Any CPU.Build.0 = Release|Any CPU
	EndGlobalSection
	GlobalSection(SolutionProperties) = preSolution
		HideSolutionNode = FALSE
	EndGlobalSection
	GlobalSection(NestedProjects) = preSolution
		{AA63DAD6-29AC-4371-A123-48790C5B644A} = {3A22E75D-4F20-4975-8DE0-AA77CFBEAF9D}
		{DFA297A6-6537-4129-BED2-E8A740C51200} = {446575C8-59E7-460F-9FB7-205306395368}
		{B91E141B-717D-4EE6-BD1B-EF8347CF4795} = {55A56C28-3A5B-4C3E-95C2-E65600BA9C87}
		{92C57A30-8C29-4B59-B741-93FF0AD1619D} = {C424A8F6-4F97-4F81-8E78-605B463A5D9E}
		{B52BBC15-91BE-493E-8ABA-B699E5B9E730} = {72FBBCF1-0AEF-476F-B7BA-601F79692080}
		{FCAF12BC-F440-48FD-8EAB-A7D7CA0E6223} = {72FBBCF1-0AEF-476F-B7BA-601F79692080}
		{1684B7CC-855F-43E1-A167-5020A3917DD3} = {72FBBCF1-0AEF-476F-B7BA-601F79692080}
		{2A97793F-4364-44A8-AD31-D8994E5FB667} = {446575C8-59E7-460F-9FB7-205306395368}
		{2BA50C12-B471-4DB5-8965-F961EEC0E31F} = {3A22E75D-4F20-4975-8DE0-AA77CFBEAF9D}
		{BC724F6A-8A73-4371-AB30-FD3C18E5573C} = {3A22E75D-4F20-4975-8DE0-AA77CFBEAF9D}
		{E02F44B3-144B-4246-932B-648A719C8DC3} = {C424A8F6-4F97-4F81-8E78-605B463A5D9E}
		{4C8CEF88-AFB1-4E7F-A835-A0CA0418EAAE} = {C424A8F6-4F97-4F81-8E78-605B463A5D9E}
	EndGlobalSection
	GlobalSection(ExtensibilityGlobals) = postSolution
		SolutionGuid = {B131B022-2373-4C41-AE1B-F4BD722F75AA}
	EndGlobalSection
EndGlobal
