
Microsoft Visual Studio Solution File, Format Version 12.00
# Visual Studio Version 17
VisualStudioVersion = 17.5.002.0
MinimumVisualStudioVersion = 10.0.40219.1
Project("{9A19103F-16F7-4668-BE54-9A1E7A4F7556}") = "DeadlockExample", "DeadlockExample.csproj", "{89B39D13-AB04-44FA-A504-BD7F38F96927}"
EndProject
Global
	GlobalSection(SolutionConfigurationPlatforms) = preSolution
		Debug|Any CPU = Debug|Any CPU
		Release|Any CPU = Release|Any CPU
	EndGlobalSection
	GlobalSection(ProjectConfigurationPlatforms) = postSolution
		{89B39D13-AB04-44FA-A504-BD7F38F96927}.Debug|Any CPU.ActiveCfg = Debug|Any CPU
		{89B39D13-AB04-44FA-A504-BD7F38F96927}.Debug|Any CPU.Build.0 = Debug|Any CPU
		{89B39D13-AB04-44FA-A504-BD7F38F96927}.Release|Any CPU.ActiveCfg = Release|Any CPU
		{89B39D13-AB04-44FA-A504-BD7F38F96927}.Release|Any CPU.Build.0 = Release|Any CPU
	EndGlobalSection
	GlobalSection(SolutionProperties) = preSolution
		HideSolutionNode = FALSE
	EndGlobalSection
	GlobalSection(ExtensibilityGlobals) = postSolution
		SolutionGuid = {2009246D-E21D-4376-9506-690847BF59AD}
	EndGlobalSection
EndGlobal
