
Microsoft Visual Studio Solution File, Format Version 12.00
# Visual Studio Version 16
VisualStudioVersion = 16.0.30114.105
MinimumVisualStudioVersion = 10.0.40219.1
Project("{FAE04EC0-301F-11D3-BF4B-00C04F79EFBC}") = "FinReportWebService", "FinReportWebService\FinReportWebService.csproj", "{1DBA138E-6AC8-4428-A386-583637DAB0CE}"
EndProject
Global
	GlobalSection(SolutionConfigurationPlatforms) = preSolution
		Debug|Any CPU = Debug|Any CPU
		Release|Any CPU = Release|Any CPU
	EndGlobalSection
	GlobalSection(ProjectConfigurationPlatforms) = postSolution
		{1DBA138E-6AC8-4428-A386-583637DAB0CE}.Debug|Any CPU.ActiveCfg = Debug|Any CPU
		{1DBA138E-6AC8-4428-A386-583637DAB0CE}.Debug|Any CPU.Build.0 = Debug|Any CPU
		{1DBA138E-6AC8-4428-A386-583637DAB0CE}.Release|Any CPU.ActiveCfg = Release|Any CPU
		{1DBA138E-6AC8-4428-A386-583637DAB0CE}.Release|Any CPU.Build.0 = Release|Any CPU
	EndGlobalSection
	GlobalSection(SolutionProperties) = preSolution
		HideSolutionNode = FALSE
	EndGlobalSection
	GlobalSection(ExtensibilityGlobals) = postSolution
		SolutionGuid = {74207963-22B7-4A7B-BDD8-271B09174F66}
	EndGlobalSection
EndGlobal
