
Microsoft Visual Studio Solution File, Format Version 12.00
# Visual Studio Version 17
VisualStudioVersion = 17.5.002.0
MinimumVisualStudioVersion = 10.0.40219.1
Project("{9A19103F-16F7-4668-BE54-9A1E7A4F7556}") = "ThreadUnsafeAndInterlockedDecrement", "ThreadUnsafeAndInterlockedDecrement.csproj", "{EA2216A9-4A2E-48BF-858F-59B5C36B2C07}"
EndProject
Global
	GlobalSection(SolutionConfigurationPlatforms) = preSolution
		Debug|Any CPU = Debug|Any CPU
		Release|Any CPU = Release|Any CPU
	EndGlobalSection
	GlobalSection(ProjectConfigurationPlatforms) = postSolution
		{EA2216A9-4A2E-48BF-858F-59B5C36B2C07}.Debug|Any CPU.ActiveCfg = Debug|Any CPU
		{EA2216A9-4A2E-48BF-858F-59B5C36B2C07}.Debug|Any CPU.Build.0 = Debug|Any CPU
		{EA2216A9-4A2E-48BF-858F-59B5C36B2C07}.Release|Any CPU.ActiveCfg = Release|Any CPU
		{EA2216A9-4A2E-48BF-858F-59B5C36B2C07}.Release|Any CPU.Build.0 = Release|Any CPU
	EndGlobalSection
	GlobalSection(SolutionProperties) = preSolution
		HideSolutionNode = FALSE
	EndGlobalSection
	GlobalSection(ExtensibilityGlobals) = postSolution
		SolutionGuid = {5B5F2617-8CF3-4D4F-9F8D-F4A62D78E955}
	EndGlobalSection
EndGlobal
